// !$*UTF8*$!
{
	archiveVersion = 1;
	classes = {
	};
	objectVersion = 46;
	objects = {

/* Begin PBXBuildFile section */
		8D001E1D1BAAB190005A3155 /* main.m in Sources */ = {isa = PBXBuildFile; fileRef = 8D001E1C1BAAB190005A3155 /* main.m */; };
		8D001E201BAAB190005A3155 /* AppDelegate.m in Sources */ = {isa = PBXBuildFile; fileRef = 8D001E1F1BAAB190005A3155 /* AppDelegate.m */; };
		8D001E231BAAB190005A3155 /* ViewController.m in Sources */ = {isa = PBXBuildFile; fileRef = 8D001E221BAAB190005A3155 /* ViewController.m */; };
		8D001E261BAAB190005A3155 /* Main.storyboard in Resources */ = {isa = PBXBuildFile; fileRef = 8D001E241BAAB190005A3155 /* Main.storyboard */; };
		8D001E281BAAB190005A3155 /* Images.xcassets in Resources */ = {isa = PBXBuildFile; fileRef = 8D001E271BAAB190005A3155 /* Images.xcassets */; };
		8D001E2B1BAAB190005A3155 /* LaunchScreen.xib in Resources */ = {isa = PBXBuildFile; fileRef = 8D001E291BAAB190005A3155 /* LaunchScreen.xib */; };
		8D001E371BAAB190005A3155 /* CustomGestureDemoTests.m in Sources */ = {isa = PBXBuildFile; fileRef = 8D001E361BAAB190005A3155 /* CustomGestureDemoTests.m */; };
		8D001E421BAAB2E8005A3155 /* YMSquareGestureRecognizer.m in Sources */ = {isa = PBXBuildFile; fileRef = 8D001E411BAAB2E8005A3155 /* YMSquareGestureRecognizer.m */; };
/* End PBXBuildFile section */

/* Begin PBXContainerItemProxy section */
		8D001E311BAAB190005A3155 /* PBXContainerItemProxy */ = {
			isa = PBXContainerItemProxy;
			containerPortal = 8D001E0F1BAAB190005A3155 /* Project object */;
			proxyType = 1;
			remoteGlobalIDString = 8D001E161BAAB190005A3155;
			remoteInfo = CustomGestureDemo;
		};
/* End PBXContainerItemProxy section */

/* Begin PBXFileReference section */
		8D001E171BAAB190005A3155 /* CustomGestureDemo.app */ = {isa = PBXFileReference; explicitFileType = wrapper.application; includeInIndex = 0; path = CustomGestureDemo.app; sourceTree = BUILT_PRODUCTS_DIR; };
		8D001E1B1BAAB190005A3155 /* Info.plist */ = {isa = PBXFileReference; lastKnownFileType = text.plist.xml; path = Info.plist; sourceTree = "<group>"; };
		8D001E1C1BAAB190005A3155 /* main.m */ = {isa = PBXFileReference; lastKnownFileType = sourcecode.c.objc; path = main.m; sourceTree = "<group>"; };
		8D001E1E1BAAB190005A3155 /* AppDelegate.h */ = {isa = PBXFileReference; lastKnownFileType = sourcecode.c.h; path = AppDelegate.h; sourceTree = "<group>"; };
		8D001E1F1BAAB190005A3155 /* AppDelegate.m */ = {isa = PBXFileReference; lastKnownFileType = sourcecode.c.objc; path = AppDelegate.m; sourceTree = "<group>"; };
		8D001E211BAAB190005A3155 /* ViewController.h */ = {isa = PBXFileReference; lastKnownFileType = sourcecode.c.h; path = ViewController.h; sourceTree = "<group>"; };
		8D001E221BAAB190005A3155 /* ViewController.m */ = {isa = PBXFileReference; lastKnownFileType = sourcecode.c.objc; path = ViewController.m; sourceTree = "<group>"; };
		8D001E251BAAB190005A3155 /* Base */ = {isa = PBXFileReference; lastKnownFileType = file.storyboard; name = Base; path = Base.lproj/Main.storyboard; sourceTree = "<group>"; };
		8D001E271BAAB190005A3155 /* Images.xcassets */ = {isa = PBXFileReference; lastKnownFileType = folder.assetcatalog; path = Images.xcassets; sourceTree = "<group>"; };
		8D001E2A1BAAB190005A3155 /* Base */ = {isa = PBXFileReference; lastKnownFileType = file.xib; name = Base; path = Base.lproj/LaunchScreen.xib; sourceTree = "<group>"; };
		8D001E301BAAB190005A3155 /* CustomGestureDemoTests.xctest */ = {isa = PBXFileReference; explicitFileType = wrapper.cfbundle; includeInIndex = 0; path = CustomGestureDemoTests.xctest; sourceTree = BUILT_PRODUCTS_DIR; };
		8D001E351BAAB190005A3155 /* Info.plist */ = {isa = PBXFileReference; lastKnownFileType = text.plist.xml; path = Info.plist; sourceTree = "<group>"; };
		8D001E361BAAB190005A3155 /* CustomGestureDemoTests.m */ = {isa = PBXFileReference; lastKnownFileType = sourcecode.c.objc; path = CustomGestureDemoTests.m; sourceTree = "<group>"; };
		8D001E401BAAB2E8005A3155 /* YMSquareGestureRecognizer.h */ = {isa = PBXFileReference; fileEncoding = 4; lastKnownFileType = sourcecode.c.h; path = YMSquareGestureRecognizer.h; sourceTree = "<group>"; };
		8D001E411BAAB2E8005A3155 /* YMSquareGestureRecognizer.m */ = {isa = PBXFileReference; fileEncoding = 4; lastKnownFileType = sourcecode.c.objc; path = YMSquareGestureRecognizer.m; sourceTree = "<group>"; };
/* End PBXFileReference section */

/* Begin PBXFrameworksBuildPhase section */
		8D001E141BAAB190005A3155 /* Frameworks */ = {
			isa = PBXFrameworksBuildPhase;
			buildActionMask = 2147483647;
			files = (
			);
			runOnlyForDeploymentPostprocessing = 0;
		};
		8D001E2D1BAAB190005A3155 /* Frameworks */ = {
			isa = PBXFrameworksBuildPhase;
			buildActionMask = 2147483647;
			files = (
			);
			runOnlyForDeploymentPostprocessing = 0;
		};
/* End PBXFrameworksBuildPhase section */

/* Begin PBXGroup section */
		8D001E0E1BAAB190005A3155 = {
			isa = PBXGroup;
			children = (
				8D001E191BAAB190005A3155 /* CustomGestureDemo */,
				8D001E331BAAB190005A3155 /* CustomGestureDemoTests */,
				8D001E181BAAB190005A3155 /* Products */,
			);
			sourceTree = "<group>";
		};
		8D001E181BAAB190005A3155 /* Products */ = {
			isa = PBXGroup;
			children = (
				8D001E171BAAB190005A3155 /* CustomGestureDemo.app */,
				8D001E301BAAB190005A3155 /* CustomGestureDemoTests.xctest */,
			);
			name = Products;
			sourceTree = "<group>";
		};
		8D001E191BAAB190005A3155 /* CustomGestureDemo */ = {
			isa = PBXGroup;
			children = (
				8D001E1E1BAAB190005A3155 /* AppDelegate.h */,
				8D001E1F1BAAB190005A3155 /* AppDelegate.m */,
				8D001E211BAAB190005A3155 /* ViewController.h */,
				8D001E221BAAB190005A3155 /* ViewController.m */,
				8D001E241BAAB190005A3155 /* Main.storyboard */,
				8D001E271BAAB190005A3155 /* Images.xcassets */,
				8D001E291BAAB190005A3155 /* LaunchScreen.xib */,
				8D001E1A1BAAB190005A3155 /* Supporting Files */,
				8D001E401BAAB2E8005A3155 /* YMSquareGestureRecognizer.h */,
				8D001E411BAAB2E8005A3155 /* YMSquareGestureRecognizer.m */,
			);
			path = CustomGestureDemo;
			sourceTree = "<group>";
		};
		8D001E1A1BAAB190005A3155 /* Supporting Files */ = {
			isa = PBXGroup;
			children = (
				8D001E1B1BAAB190005A3155 /* Info.plist */,
				8D001E1C1BAAB190005A3155 /* main.m */,
			);
			name = "Supporting Files";
			sourceTree = "<group>";
		};
		8D001E331BAAB190005A3155 /* CustomGestureDemoTests */ = {
			isa = PBXGroup;
			children = (
				8D001E361BAAB190005A3155 /* CustomGestureDemoTests.m */,
				8D001E341BAAB190005A3155 /* Supporting Files */,
			);
			path = CustomGestureDemoTests;
			sourceTree = "<group>";
		};
		8D001E341BAAB190005A3155 /* Supporting Files */ = {
			isa = PBXGroup;
			children = (
				8D001E351BAAB190005A3155 /* Info.plist */,
			);
			name = "Supporting Files";
			sourceTree = "<group>";
		};
/* End PBXGroup section */

/* Begin PBXNativeTarget section */
		8D001E161BAAB190005A3155 /* CustomGestureDemo */ = {
			isa = PBXNativeTarget;
			buildConfigurationList = 8D001E3A1BAAB190005A3155 /* Build configuration list for PBXNativeTarget "CustomGestureDemo" */;
			buildPhases = (
				8D001E131BAAB190005A3155 /* Sources */,
				8D001E141BAAB190005A3155 /* Frameworks */,
				8D001E151BAAB190005A3155 /* Resources */,
			);
			buildRules = (
			);
			dependencies = (
			);
			name = CustomGestureDemo;
			productName = CustomGestureDemo;
			productReference = 8D001E171BAAB190005A3155 /* CustomGestureDemo.app */;
			productType = "com.apple.product-type.application";
		};
		8D001E2F1BAAB190005A3155 /* CustomGestureDemoTests */ = {
			isa = PBXNativeTarget;
			buildConfigurationList = 8D001E3D1BAAB190005A3155 /* Build configuration list for PBXNativeTarget "CustomGestureDemoTests" */;
			buildPhases = (
				8D001E2C1BAAB190005A3155 /* Sources */,
				8D001E2D1BAAB190005A3155 /* Frameworks */,
				8D001E2E1BAAB190005A3155 /* Resources */,
			);
			buildRules = (
			);
			dependencies = (
				8D001E321BAAB190005A3155 /* PBXTargetDependency */,
			);
			name = CustomGestureDemoTests;
			productName = CustomGestureDemoTests;
			productReference = 8D001E301BAAB190005A3155 /* CustomGestureDemoTests.xctest */;
			productType = "com.apple.product-type.bundle.unit-test";
		};
/* End PBXNativeTarget section */

/* Begin PBXProject section */
		8D001E0F1BAAB190005A3155 /* Project object */ = {
			isa = PBXProject;
			attributes = {
				LastUpgradeCheck = 0640;
				ORGANIZATIONNAME = "Alex Shevlyakov";
				TargetAttributes = {
					8D001E161BAAB190005A3155 = {
						CreatedOnToolsVersion = 6.4;
					};
					8D001E2F1BAAB190005A3155 = {
						CreatedOnToolsVersion = 6.4;
						TestTargetID = 8D001E161BAAB190005A3155;
					};
				};
			};
			buildConfigurationList = 8D001E121BAAB190005A3155 /* Build configuration list for PBXProject "CustomGestureDemo" */;
			compatibilityVersion = "Xcode 3.2";
			developmentRegion = English;
			hasScannedForEncodings = 0;
			knownRegions = (
				en,
				Base,
			);
			mainGroup = 8D001E0E1BAAB190005A3155;
			productRefGroup = 8D001E181BAAB190005A3155 /* Products */;
			projectDirPath = "";
			projectRoot = "";
			targets = (
				8D001E161BAAB190005A3155 /* CustomGestureDemo */,
				8D001E2F1BAAB190005A3155 /* CustomGestureDemoTests */,
			);
		};
/* End PBXProject section */

/* Begin PBXResourcesBuildPhase section */
		8D001E151BAAB190005A3155 /* Resources */ = {
			isa = PBXResourcesBuildPhase;
			buildActionMask = 2147483647;
			files = (
				8D001E261BAAB190005A3155 /* Main.storyboard in Resources */,
				8D001E2B1BAAB190005A3155 /* LaunchScreen.xib in Resources */,
				8D001E281BAAB190005A3155 /* Images.xcassets in Resources */,
			);
			runOnlyForDeploymentPostprocessing = 0;
		};
		8D001E2E1BAAB190005A3155 /* Resources */ = {
			isa = PBXResourcesBuildPhase;
			buildActionMask = 2147483647;
			files = (
			);
			runOnlyForDeploymentPostprocessing = 0;
		};
/* End PBXResourcesBuildPhase section */

/* Begin PBXSourcesBuildPhase section */
		8D001E131BAAB190005A3155 /* Sources */ = {
			isa = PBXSourcesBuildPhase;
			buildActionMask = 2147483647;
			files = (
				8D001E421BAAB2E8005A3155 /* YMSquareGestureRecognizer.m in Sources */,
				8D001E231BAAB190005A3155 /* ViewController.m in Sources */,
				8D001E201BAAB190005A3155 /* AppDelegate.m in Sources */,
				8D001E1D1BAAB190005A3155 /* main.m in Sources */,
			);
			runOnlyForDeploymentPostprocessing = 0;
		};
		8D001E2C1BAAB190005A3155 /* Sources */ = {
			isa = PBXSourcesBuildPhase;
			buildActionMask = 2147483647;
			files = (
				8D001E371BAAB190005A3155 /* CustomGestureDemoTests.m in Sources */,
			);
			runOnlyForDeploymentPostprocessing = 0;
		};
/* End PBXSourcesBuildPhase section */

/* Begin PBXTargetDependency section */
		8D001E321BAAB190005A3155 /* PBXTargetDependency */ = {
			isa = PBXTargetDependency;
			target = 8D001E161BAAB190005A3155 /* CustomGestureDemo */;
			targetProxy = 8D001E311BAAB190005A3155 /* PBXContainerItemProxy */;
		};
/* End PBXTargetDependency section */

/* Begin PBXVariantGroup section */
		8D001E241BAAB190005A3155 /* Main.storyboard */ = {
			isa = PBXVariantGroup;
			children = (
				8D001E251BAAB190005A3155 /* Base */,
			);
			name = Main.storyboard;
			sourceTree = "<group>";
		};
		8D001E291BAAB190005A3155 /* LaunchScreen.xib */ = {
			isa = PBXVariantGroup;
			children = (
				8D001E2A1BAAB190005A3155 /* Base */,
			);
			name = LaunchScreen.xib;
			sourceTree = "<group>";
		};
/* End PBXVariantGroup section */

/* Begin XCBuildConfiguration section */
		8D001E381BAAB190005A3155 /* Debug */ = {
			isa = XCBuildConfiguration;
			buildSettings = {
				ALWAYS_SEARCH_USER_PATHS = NO;
				CLANG_CXX_LANGUAGE_STANDARD = "gnu++0x";
				CLANG_CXX_LIBRARY = "libc++";
				CLANG_ENABLE_MODULES = YES;
				CLANG_ENABLE_OBJC_ARC = YES;
				CLANG_WARN_BOOL_CONVERSION = YES;
				CLANG_WARN_CONSTANT_CONVERSION = YES;
				CLANG_WARN_DIRECT_OBJC_ISA_USAGE = YES_ERROR;
				CLANG_WARN_EMPTY_BODY = YES;
				CLANG_WARN_ENUM_CONVERSION = YES;
				CLANG_WARN_INT_CONVERSION = YES;
				CLANG_WARN_OBJC_ROOT_CLASS = YES_ERROR;
				CLANG_WARN_UNREACHABLE_CODE = YES;
				CLANG_WARN__DUPLICATE_METHOD_MATCH = YES;
				"CODE_SIGN_IDENTITY[sdk=iphoneos*]" = "iPhone Developer";
				COPY_PHASE_STRIP = NO;
				DEBUG_INFORMATION_FORMAT = "dwarf-with-dsym";
				ENABLE_STRICT_OBJC_MSGSEND = YES;
				GCC_C_LANGUAGE_STANDARD = gnu99;
				GCC_DYNAMIC_NO_PIC = NO;
				GCC_NO_COMMON_BLOCKS = YES;
				GCC_OPTIMIZATION_LEVEL = 0;
				GCC_PREPROCESSOR_DEFINITIONS = (
					"DEBUG=1",
					"$(inherited)",
				);
				GCC_SYMBOLS_PRIVATE_EXTERN = NO;
				GCC_WARN_64_TO_32_BIT_CONVERSION = YES;
				GCC_WARN_ABOUT_RETURN_TYPE = YES_ERROR;
				GCC_WARN_UNDECLARED_SELECTOR = YES;
				GCC_WARN_UNINITIALIZED_AUTOS = YES_AGGRESSIVE;
				GCC_WARN_UNUSED_FUNCTION = YES;
				GCC_WARN_UNUSED_VARIABLE = YES;
				IPHONEOS_DEPLOYMENT_TARGET = 8.4;
				MTL_ENABLE_DEBUG_INFO = YES;
				ONLY_ACTIVE_ARCH = YES;
				SDKROOT = iphoneos;
			};
			name = Debug;
		};
		8D001E391BAAB190005A3155 /* Release */ = {
			isa = XCBuildConfiguration;
			buildSettings = {
				ALWAYS_SEARCH_USER_PATHS = NO;
				CLANG_CXX_LANGUAGE_STANDARD = "gnu++0x";
				CLANG_CXX_LIBRARY = "libc++";
				CLANG_ENABLE_MODULES = YES;
				CLANG_ENABLE_OBJC_ARC = YES;
				CLANG_WARN_BOOL_CONVERSION = YES;
				CLANG_WARN_CONSTANT_CONVERSION = YES;
				CLANG_WARN_DIRECT_OBJC_ISA_USAGE = YES_ERROR;
				CLANG_WARN_EMPTY_BODY = YES;
				CLANG_WARN_ENUM_CONVERSION = YES;
				CLANG_WARN_INT_CONVERSION = YES;
				CLANG_WARN_OBJC_ROOT_CLASS = YES_ERROR;
				CLANG_WARN_UNREACHABLE_CODE = YES;
				CLANG_WARN__DUPLICATE_METHOD_MATCH = YES;
				"CODE_SIGN_IDENTITY[sdk=iphoneos*]" = "iPhone Developer";
				COPY_PHASE_STRIP = NO;
				DEBUG_INFORMATION_FORMAT = "dwarf-with-dsym";
				ENABLE_NS_ASSERTIONS = NO;
				ENABLE_STRICT_OBJC_MSGSEND = YES;
				GCC_C_LANGUAGE_STANDARD = gnu99;
				GCC_NO_COMMON_BLOCKS = YES;
				GCC_WARN_64_TO_32_BIT_CONVERSION = YES;
				GCC_WARN_ABOUT_RETURN_TYPE = YES_ERROR;
				GCC_WARN_UNDECLARED_SELECTOR = YES;
				GCC_WARN_UNINITIALIZED_AUTOS = YES_AGGRESSIVE;
				GCC_WARN_UNUSED_FUNCTION = YES;
				GCC_WARN_UNUSED_VARIABLE = YES;
				IPHONEOS_DEPLOYMENT_TARGET = 8.4;
				MTL_ENABLE_DEBUG_INFO = NO;
				SDKROOT = iphoneos;
				VALIDATE_PRODUCT = YES;
			};
			name = Release;
		};
		8D001E3B1BAAB190005A3155 /* Debug */ = {
			isa = XCBuildConfiguration;
			buildSettings = {
				ASSETCATALOG_COMPILER_APPICON_NAME = AppIcon;
				INFOPLIST_FILE = CustomGestureDemo/Info.plist;
				LD_RUNPATH_SEARCH_PATHS = "$(inherited) @executable_path/Frameworks";
				PRODUCT_NAME = "$(TARGET_NAME)";
			};
			name = Debug;
		};
		8D001E3C1BAAB190005A3155 /* Release */ = {
			isa = XCBuildConfiguration;
			buildSettings = {
				ASSETCATALOG_COMPILER_APPICON_NAME = AppIcon;
				INFOPLIST_FILE = CustomGestureDemo/Info.plist;
				LD_RUNPATH_SEARCH_PATHS = "$(inherited) @executable_path/Frameworks";
				PRODUCT_NAME = "$(TARGET_NAME)";
			};
			name = Release;
		};
		8D001E3E1BAAB190005A3155 /* Debug */ = {
			isa = XCBuildConfiguration;
			buildSettings = {
				BUNDLE_LOADER = "$(TEST_HOST)";
				FRAMEWORK_SEARCH_PATHS = (
					"$(SDKROOT)/Developer/Library/Frameworks",
					"$(inherited)",
				);
				GCC_PREPROCESSOR_DEFINITIONS = (
					"DEBUG=1",
					"$(inherited)",
				);
				INFOPLIST_FILE = CustomGestureDemoTests/Info.plist;
				LD_RUNPATH_SEARCH_PATHS = "$(inherited) @executable_path/Frameworks @loader_path/Frameworks";
				PRODUCT_NAME = "$(TARGET_NAME)";
				TEST_HOST = "$(BUILT_PRODUCTS_DIR)/CustomGestureDemo.app/CustomGestureDemo";
			};
			name = Debug;
		};
		8D001E3F1BAAB190005A3155 /* Release */ = {
			isa = XCBuildConfiguration;
			buildSettings = {
				BUNDLE_LOADER = "$(TEST_HOST)";
				FRAMEWORK_SEARCH_PATHS = (
					"$(SDKROOT)/Developer/Library/Frameworks",
					"$(inherited)",
				);
				INFOPLIST_FILE = CustomGestureDemoTests/Info.plist;
				LD_RUNPATH_SEARCH_PATHS = "$(inherited) @executable_path/Frameworks @loader_path/Frameworks";
				PRODUCT_NAME = "$(TARGET_NAME)";
				TEST_HOST = "$(BUILT_PRODUCTS_DIR)/CustomGestureDemo.app/CustomGestureDemo";
			};
			name = Release;
		};
/* End XCBuildConfiguration section */

/* Begin XCConfigurationList section */
		8D001E121BAAB190005A3155 /* Build configuration list for PBXProject "CustomGestureDemo" */ = {
			isa = XCConfigurationList;
			buildConfigurations = (
				8D001E381BAAB190005A3155 /* Debug */,
				8D001E391BAAB190005A3155 /* Release */,
			);
			defaultConfigurationIsVisible = 0;
			defaultConfigurationName = Release;
		};
		8D001E3A1BAAB190005A3155 /* Build configuration list for PBXNativeTarget "CustomGestureDemo" */ = {
			isa = XCConfigurationList;
			buildConfigurations = (
				8D001E3B1BAAB190005A3155 /* Debug */,
				8D001E3C1BAAB190005A3155 /* Release */,
			);
			defaultConfigurationIsVisible = 0;
		};
		8D001E3D1BAAB190005A3155 /* Build configuration list for PBXNativeTarget "CustomGestureDemoTests" */ = {
			isa = XCConfigurationList;
			buildConfigurations = (
				8D001E3E1BAAB190005A3155 /* Debug */,
				8D001E3F1BAAB190005A3155 /* Release */,
			);
			defaultConfigurationIsVisible = 0;
		};
/* End XCConfigurationList section */
	};
	rootObject = 8D001E0F1BAAB190005A3155 /* Project object */;
}
